
Microsoft Visual Studio Solution File, Format Version 12.00
# Visual Studio Version 17
VisualStudioVersion = 17.6.33801.468
MinimumVisualStudioVersion = 10.0.40219.1
Project("{FAE04EC0-301F-11D3-BF4B-00C04F79EFBC}") = "GreenGuardianMK2", "GreenGuardianMK2\GreenGuardianMK2.csproj", "{022748F2-9E5C-424E-8E0B-8AB26F50810A}"
EndProject
Global
	GlobalSection(SolutionConfigurationPlatforms) = preSolution
		Debug|Any CPU = Debug|Any CPU
		Release|Any CPU = Release|Any CPU
	EndGlobalSection
	GlobalSection(ProjectConfigurationPlatforms) = postSolution
		{022748F2-9E5C-424E-8E0B-8AB26F50810A}.Debug|Any CPU.ActiveCfg = Debug|Any CPU
		{022748F2-9E5C-424E-8E0B-8AB26F50810A}.Debug|Any CPU.Build.0 = Debug|Any CPU
		{022748F2-9E5C-424E-8E0B-8AB26F50810A}.Release|Any CPU.ActiveCfg = Release|Any CPU
		{022748F2-9E5C-424E-8E0B-8AB26F50810A}.Release|Any CPU.Build.0 = Release|Any CPU
	EndGlobalSection
	GlobalSection(SolutionProperties) = preSolution
		HideSolutionNode = FALSE
	EndGlobalSection
	GlobalSection(ExtensibilityGlobals) = postSolution
		SolutionGuid = {81200BDA-3B2B-4544-AF94-36C37670BBF8}
	EndGlobalSection
EndGlobal
